{
  "name": "NodeJS",
  "lockfileVersion": 3,
  "requires": true,
  "packages": {
    "": {
      "dependencies": {
        "proj10-09-2024": "^1.0.0"
      }
    },
    "node_modules/proj10-09-2024": {
      "version": "1.0.0",
      "resolved": "https://registry.npmjs.org/proj10-09-2024/-/proj10-09-2024-1.0.0.tgz",
      "integrity": "sha512-NY0PwXH1EodlRF3CnbS78qX/11toXSkGhsOKzMJqAHRWZsQ30bMusXwr4BPnO8RUoVSrjmFccv8pr2MZVrA3pg==",
      "license": "ISC"
    }
  }
}
